
Microsoft Visual Studio Solution File, Format Version 12.00
# Visual Studio Version 17
VisualStudioVersion = 17.13.35913.81
MinimumVisualStudioVersion = 10.0.40219.1
Project("{FAE04EC0-301F-11D3-BF4B-00C04F79EFBC}") = "zad1", "ConsoleApp2\zad1.csproj", "{53B26066-41CA-4F04-97D4-A45856DA78A6}"
EndProject
Project("{2150E333-8FDC-42A3-9474-1A3956D46DE8}") = "ListIntrodusing", "ListIntrodusing", "{02EA681E-C7D8-13C7-8484-4AC65E1B71E8}"
EndProject
Project("{FAE04EC0-301F-11D3-BF4B-00C04F79EFBC}") = "zad2", "zad2\zad2.csproj", "{640CFA87-A56A-4E00-8956-A00C770C172D}"
EndProject
Project("{FAE04EC0-301F-11D3-BF4B-00C04F79EFBC}") = "zad3", "zad3\zad3.csproj", "{B8D37CF0-37BB-47A0-80AF-FF1956F3AD21}"
EndProject
Project("{2150E333-8FDC-42A3-9474-1A3956D46DE8}") = "List", "List", "{E01C9C6F-B685-4333-B07D-563479E8B70D}"
EndProject
Project("{FAE04EC0-301F-11D3-BF4B-00C04F79EFBC}") = "zad1", "zad1\zad1.csproj", "{E3895DCA-5C9F-41E8-814E-8D0EF44C6FB3}"
EndProject
Project("{FAE04EC0-301F-11D3-BF4B-00C04F79EFBC}") = "zad 2", "zad 2\zad 2.csproj", "{FC46550C-349E-4663-B988-F641473E8ECE}"
EndProject
Project("{FAE04EC0-301F-11D3-BF4B-00C04F79EFBC}") = "zad 3", "zad 3\zad 3.csproj", "{446A6D2D-8A2D-4A5C-BF08-2B3C5A5A9477}"
EndProject
Project("{FAE04EC0-301F-11D3-BF4B-00C04F79EFBC}") = "Remove", "Remove\Remove.csproj", "{B4B08AC6-D0D8-4675-B370-6CA3C4AB29A9}"
EndProject
Global
	GlobalSection(SolutionConfigurationPlatforms) = preSolution
		Debug|Any CPU = Debug|Any CPU
		Release|Any CPU = Release|Any CPU
	EndGlobalSection
	GlobalSection(ProjectConfigurationPlatforms) = postSolution
		{53B26066-41CA-4F04-97D4-A45856DA78A6}.Debug|Any CPU.ActiveCfg = Debug|Any CPU
		{53B26066-41CA-4F04-97D4-A45856DA78A6}.Debug|Any CPU.Build.0 = Debug|Any CPU
		{53B26066-41CA-4F04-97D4-A45856DA78A6}.Release|Any CPU.ActiveCfg = Release|Any CPU
		{53B26066-41CA-4F04-97D4-A45856DA78A6}.Release|Any CPU.Build.0 = Release|Any CPU
		{640CFA87-A56A-4E00-8956-A00C770C172D}.Debug|Any CPU.ActiveCfg = Debug|Any CPU
		{640CFA87-A56A-4E00-8956-A00C770C172D}.Debug|Any CPU.Build.0 = Debug|Any CPU
		{640CFA87-A56A-4E00-8956-A00C770C172D}.Release|Any CPU.ActiveCfg = Release|Any CPU
		{640CFA87-A56A-4E00-8956-A00C770C172D}.Release|Any CPU.Build.0 = Release|Any CPU
		{B8D37CF0-37BB-47A0-80AF-FF1956F3AD21}.Debug|Any CPU.ActiveCfg = Debug|Any CPU
		{B8D37CF0-37BB-47A0-80AF-FF1956F3AD21}.Debug|Any CPU.Build.0 = Debug|Any CPU
		{B8D37CF0-37BB-47A0-80AF-FF1956F3AD21}.Release|Any CPU.ActiveCfg = Release|Any CPU
		{B8D37CF0-37BB-47A0-80AF-FF1956F3AD21}.Release|Any CPU.Build.0 = Release|Any CPU
		{E3895DCA-5C9F-41E8-814E-8D0EF44C6FB3}.Debug|Any CPU.ActiveCfg = Debug|Any CPU
		{E3895DCA-5C9F-41E8-814E-8D0EF44C6FB3}.Debug|Any CPU.Build.0 = Debug|Any CPU
		{E3895DCA-5C9F-41E8-814E-8D0EF44C6FB3}.Release|Any CPU.ActiveCfg = Release|Any CPU
		{E3895DCA-5C9F-41E8-814E-8D0EF44C6FB3}.Release|Any CPU.Build.0 = Release|Any CPU
		{FC46550C-349E-4663-B988-F641473E8ECE}.Debug|Any CPU.ActiveCfg = Debug|Any CPU
		{FC46550C-349E-4663-B988-F641473E8ECE}.Debug|Any CPU.Build.0 = Debug|Any CPU
		{FC46550C-349E-4663-B988-F641473E8ECE}.Release|Any CPU.ActiveCfg = Release|Any CPU
		{FC46550C-349E-4663-B988-F641473E8ECE}.Release|Any CPU.Build.0 = Release|Any CPU
		{446A6D2D-8A2D-4A5C-BF08-2B3C5A5A9477}.Debug|Any CPU.ActiveCfg = Debug|Any CPU
		{446A6D2D-8A2D-4A5C-BF08-2B3C5A5A9477}.Debug|Any CPU.Build.0 = Debug|Any CPU
		{446A6D2D-8A2D-4A5C-BF08-2B3C5A5A9477}.Release|Any CPU.ActiveCfg = Release|Any CPU
		{446A6D2D-8A2D-4A5C-BF08-2B3C5A5A9477}.Release|Any CPU.Build.0 = Release|Any CPU
		{B4B08AC6-D0D8-4675-B370-6CA3C4AB29A9}.Debug|Any CPU.ActiveCfg = Debug|Any CPU
		{B4B08AC6-D0D8-4675-B370-6CA3C4AB29A9}.Debug|Any CPU.Build.0 = Debug|Any CPU
		{B4B08AC6-D0D8-4675-B370-6CA3C4AB29A9}.Release|Any CPU.ActiveCfg = Release|Any CPU
		{B4B08AC6-D0D8-4675-B370-6CA3C4AB29A9}.Release|Any CPU.Build.0 = Release|Any CPU
	EndGlobalSection
	GlobalSection(SolutionProperties) = preSolution
		HideSolutionNode = FALSE
	EndGlobalSection
	GlobalSection(NestedProjects) = preSolution
		{53B26066-41CA-4F04-97D4-A45856DA78A6} = {02EA681E-C7D8-13C7-8484-4AC65E1B71E8}
		{640CFA87-A56A-4E00-8956-A00C770C172D} = {02EA681E-C7D8-13C7-8484-4AC65E1B71E8}
		{B8D37CF0-37BB-47A0-80AF-FF1956F3AD21} = {02EA681E-C7D8-13C7-8484-4AC65E1B71E8}
		{E3895DCA-5C9F-41E8-814E-8D0EF44C6FB3} = {E01C9C6F-B685-4333-B07D-563479E8B70D}
		{FC46550C-349E-4663-B988-F641473E8ECE} = {E01C9C6F-B685-4333-B07D-563479E8B70D}
		{446A6D2D-8A2D-4A5C-BF08-2B3C5A5A9477} = {E01C9C6F-B685-4333-B07D-563479E8B70D}
		{B4B08AC6-D0D8-4675-B370-6CA3C4AB29A9} = {E01C9C6F-B685-4333-B07D-563479E8B70D}
	EndGlobalSection
	GlobalSection(ExtensibilityGlobals) = postSolution
		SolutionGuid = {DAD5047B-7D17-4533-8CF4-BB46ECF19B41}
	EndGlobalSection
EndGlobal
